// !$*UTF8*$!
{
	archiveVersion = 1;
	classes = {
	};
	objectVersion = 55;
	objects = {

/* Begin PBXBuildFile section */
		34B4966228363947008223A1 /* SecondApp.swift in Sources */ = {isa = PBXBuildFile; fileRef = 34B4966128363947008223A1 /* SecondApp.swift */; };
		34B4966428363947008223A1 /* ContentView.swift in Sources */ = {isa = PBXBuildFile; fileRef = 34B4966328363947008223A1 /* ContentView.swift */; };
		34B4966628363948008223A1 /* Assets.xcassets in Resources */ = {isa = PBXBuildFile; fileRef = 34B4966528363948008223A1 /* Assets.xcassets */; };
		34B4966928363948008223A1 /* Preview Assets.xcassets in Resources */ = {isa = PBXBuildFile; fileRef = 34B4966828363948008223A1 /* Preview Assets.xcassets */; };
		34B4967328363948008223A1 /* SecondTests.swift in Sources */ = {isa = PBXBuildFile; fileRef = 34B4967228363948008223A1 /* SecondTests.swift */; };
		34B4967D28363948008223A1 /* SecondUITests.swift in Sources */ = {isa = PBXBuildFile; fileRef = 34B4967C28363948008223A1 /* SecondUITests.swift */; };
		34B4967F28363948008223A1 /* SecondUITestsLaunchTests.swift in Sources */ = {isa = PBXBuildFile; fileRef = 34B4967E28363948008223A1 /* SecondUITestsLaunchTests.swift */; };
/* End PBXBuildFile section */

/* Begin PBXContainerItemProxy section */
		34B4966F28363948008223A1 /* PBXContainerItemProxy */ = {
			isa = PBXContainerItemProxy;
			containerPortal = 34B4965628363947008223A1 /* Project object */;
			proxyType = 1;
			remoteGlobalIDString = 34B4965D28363947008223A1;
			remoteInfo = Second;
		};
		34B4967928363948008223A1 /* PBXContainerItemProxy */ = {
			isa = PBXContainerItemProxy;
			containerPortal = 34B4965628363947008223A1 /* Project object */;
			proxyType = 1;
			remoteGlobalIDString = 34B4965D28363947008223A1;
			remoteInfo = Second;
		};
/* End PBXContainerItemProxy section */

/* Begin PBXFileReference section */
		34B4965E28363947008223A1 /* Second.app */ = {isa = PBXFileReference; explicitFileType = wrapper.application; includeInIndex = 0; path = Second.app; sourceTree = BUILT_PRODUCTS_DIR; };
		34B4966128363947008223A1 /* SecondApp.swift */ = {isa = PBXFileReference; lastKnownFileType = sourcecode.swift; path = SecondApp.swift; sourceTree = "<group>"; };
		34B4966328363947008223A1 /* ContentView.swift */ = {isa = PBXFileReference; lastKnownFileType = sourcecode.swift; path = ContentView.swift; sourceTree = "<group>"; };
		34B4966528363948008223A1 /* Assets.xcassets */ = {isa = PBXFileReference; lastKnownFileType = folder.assetcatalog; path = Assets.xcassets; sourceTree = "<group>"; };
		34B4966828363948008223A1 /* Preview Assets.xcassets */ = {isa = PBXFileReference; lastKnownFileType = folder.assetcatalog; path = "Preview Assets.xcassets"; sourceTree = "<group>"; };
		34B4966E28363948008223A1 /* SecondTests.xctest */ = {isa = PBXFileReference; explicitFileType = wrapper.cfbundle; includeInIndex = 0; path = SecondTests.xctest; sourceTree = BUILT_PRODUCTS_DIR; };
		34B4967228363948008223A1 /* SecondTests.swift */ = {isa = PBXFileReference; lastKnownFileType = sourcecode.swift; path = SecondTests.swift; sourceTree = "<group>"; };
		34B4967828363948008223A1 /* SecondUITests.xctest */ = {isa = PBXFileReference; explicitFileType = wrapper.cfbundle; includeInIndex = 0; path = SecondUITests.xctest; sourceTree = BUILT_PRODUCTS_DIR; };
		34B4967C28363948008223A1 /* SecondUITests.swift */ = {isa = PBXFileReference; lastKnownFileType = sourcecode.swift; path = SecondUITests.swift; sourceTree = "<group>"; };
		34B4967E28363948008223A1 /* SecondUITestsLaunchTests.swift */ = {isa = PBXFileReference; lastKnownFileType = sourcecode.swift; path = SecondUITestsLaunchTests.swift; sourceTree = "<group>"; };
/* End PBXFileReference section */

/* Begin PBXFrameworksBuildPhase section */
		34B4965B28363947008223A1 /* Frameworks */ = {
			isa = PBXFrameworksBuildPhase;
			buildActionMask = 2147483647;
			files = (
			);
			runOnlyForDeploymentPostprocessing = 0;
		};
		34B4966B28363948008223A1 /* Frameworks */ = {
			isa = PBXFrameworksBuildPhase;
			buildActionMask = 2147483647;
			files = (
			);
			runOnlyForDeploymentPostprocessing = 0;
		};
		34B4967528363948008223A1 /* Frameworks */ = {
			isa = PBXFrameworksBuildPhase;
			buildActionMask = 2147483647;
			files = (
			);
			runOnlyForDeploymentPostprocessing = 0;
		};
/* End PBXFrameworksBuildPhase section */

/* Begin PBXGroup section */
		34B4965528363947008223A1 = {
			isa = PBXGroup;
			children = (
				34B4966028363947008223A1 /* Second */,
				34B4967128363948008223A1 /* SecondTests */,
				34B4967B28363948008223A1 /* SecondUITests */,
				34B4965F28363947008223A1 /* Products */,
			);
			sourceTree = "<group>";
		};
		34B4965F28363947008223A1 /* Products */ = {
			isa = PBXGroup;
			children = (
				34B4965E28363947008223A1 /* Second.app */,
				34B4966E28363948008223A1 /* SecondTests.xctest */,
				34B4967828363948008223A1 /* SecondUITests.xctest */,
			);
			name = Products;
			sourceTree = "<group>";
		};
		34B4966028363947008223A1 /* Second */ = {
			isa = PBXGroup;
			children = (
				34B4966128363947008223A1 /* SecondApp.swift */,
				34B4966328363947008223A1 /* ContentView.swift */,
				34B4966528363948008223A1 /* Assets.xcassets */,
				34B4966728363948008223A1 /* Preview Content */,
			);
			path = Second;
			sourceTree = "<group>";
		};
		34B4966728363948008223A1 /* Preview Content */ = {
			isa = PBXGroup;
			children = (
				34B4966828363948008223A1 /* Preview Assets.xcassets */,
			);
			path = "Preview Content";
			sourceTree = "<group>";
		};
		34B4967128363948008223A1 /* SecondTests */ = {
			isa = PBXGroup;
			children = (
				34B4967228363948008223A1 /* SecondTests.swift */,
			);
			path = SecondTests;
			sourceTree = "<group>";
		};
		34B4967B28363948008223A1 /* SecondUITests */ = {
			isa = PBXGroup;
			children = (
				34B4967C28363948008223A1 /* SecondUITests.swift */,
				34B4967E28363948008223A1 /* SecondUITestsLaunchTests.swift */,
			);
			path = SecondUITests;
			sourceTree = "<group>";
		};
/* End PBXGroup section */

/* Begin PBXNativeTarget section */
		34B4965D28363947008223A1 /* Second */ = {
			isa = PBXNativeTarget;
			buildConfigurationList = 34B4968228363948008223A1 /* Build configuration list for PBXNativeTarget "Second" */;
			buildPhases = (
				34B4965A28363947008223A1 /* Sources */,
				34B4965B28363947008223A1 /* Frameworks */,
				34B4965C28363947008223A1 /* Resources */,
			);
			buildRules = (
			);
			dependencies = (
			);
			name = Second;
			productName = Second;
			productReference = 34B4965E28363947008223A1 /* Second.app */;
			productType = "com.apple.product-type.application";
		};
		34B4966D28363948008223A1 /* SecondTests */ = {
			isa = PBXNativeTarget;
			buildConfigurationList = 34B4968528363948008223A1 /* Build configuration list for PBXNativeTarget "SecondTests" */;
			buildPhases = (
				34B4966A28363948008223A1 /* Sources */,
				34B4966B28363948008223A1 /* Frameworks */,
				34B4966C28363948008223A1 /* Resources */,
			);
			buildRules = (
			);
			dependencies = (
				34B4967028363948008223A1 /* PBXTargetDependency */,
			);
			name = SecondTests;
			productName = SecondTests;
			productReference = 34B4966E28363948008223A1 /* SecondTests.xctest */;
			productType = "com.apple.product-type.bundle.unit-test";
		};
		34B4967728363948008223A1 /* SecondUITests */ = {
			isa = PBXNativeTarget;
			buildConfigurationList = 34B4968828363948008223A1 /* Build configuration list for PBXNativeTarget "SecondUITests" */;
			buildPhases = (
				34B4967428363948008223A1 /* Sources */,
				34B4967528363948008223A1 /* Frameworks */,
				34B4967628363948008223A1 /* Resources */,
			);
			buildRules = (
			);
			dependencies = (
				34B4967A28363948008223A1 /* PBXTargetDependency */,
			);
			name = SecondUITests;
			productName = SecondUITests;
			productReference = 34B4967828363948008223A1 /* SecondUITests.xctest */;
			productType = "com.apple.product-type.bundle.ui-testing";
		};
/* End PBXNativeTarget section */

/* Begin PBXProject section */
		34B4965628363947008223A1 /* Project object */ = {
			isa = PBXProject;
			attributes = {
				BuildIndependentTargetsInParallel = 1;
				LastSwiftUpdateCheck = 1330;
				LastUpgradeCheck = 1330;
				TargetAttributes = {
					34B4965D28363947008223A1 = {
						CreatedOnToolsVersion = 13.3.1;
					};
					34B4966D28363948008223A1 = {
						CreatedOnToolsVersion = 13.3.1;
						TestTargetID = 34B4965D28363947008223A1;
					};
					34B4967728363948008223A1 = {
						CreatedOnToolsVersion = 13.3.1;
						TestTargetID = 34B4965D28363947008223A1;
					};
				};
			};
			buildConfigurationList = 34B4965928363947008223A1 /* Build configuration list for PBXProject "Second" */;
			compatibilityVersion = "Xcode 13.0";
			developmentRegion = en;
			hasScannedForEncodings = 0;
			knownRegions = (
				en,
				Base,
			);
			mainGroup = 34B4965528363947008223A1;
			productRefGroup = 34B4965F28363947008223A1 /* Products */;
			projectDirPath = "";
			projectRoot = "";
			targets = (
				34B4965D28363947008223A1 /* Second */,
				34B4966D28363948008223A1 /* SecondTests */,
				34B4967728363948008223A1 /* SecondUITests */,
			);
		};
/* End PBXProject section */

/* Begin PBXResourcesBuildPhase section */
		34B4965C28363947008223A1 /* Resources */ = {
			isa = PBXResourcesBuildPhase;
			buildActionMask = 2147483647;
			files = (
				34B4966928363948008223A1 /* Preview Assets.xcassets in Resources */,
				34B4966628363948008223A1 /* Assets.xcassets in Resources */,
			);
			runOnlyForDeploymentPostprocessing = 0;
		};
		34B4966C28363948008223A1 /* Resources */ = {
			isa = PBXResourcesBuildPhase;
			buildActionMask = 2147483647;
			files = (
			);
			runOnlyForDeploymentPostprocessing = 0;
		};
		34B4967628363948008223A1 /* Resources */ = {
			isa = PBXResourcesBuildPhase;
			buildActionMask = 2147483647;
			files = (
			);
			runOnlyForDeploymentPostprocessing = 0;
		};
/* End PBXResourcesBuildPhase section */

/* Begin PBXSourcesBuildPhase section */
		34B4965A28363947008223A1 /* Sources */ = {
			isa = PBXSourcesBuildPhase;
			buildActionMask = 2147483647;
			files = (
				34B4966428363947008223A1 /* ContentView.swift in Sources */,
				34B4966228363947008223A1 /* SecondApp.swift in Sources */,
			);
			runOnlyForDeploymentPostprocessing = 0;
		};
		34B4966A28363948008223A1 /* Sources */ = {
			isa = PBXSourcesBuildPhase;
			buildActionMask = 2147483647;
			files = (
				34B4967328363948008223A1 /* SecondTests.swift in Sources */,
			);
			runOnlyForDeploymentPostprocessing = 0;
		};
		34B4967428363948008223A1 /* Sources */ = {
			isa = PBXSourcesBuildPhase;
			buildActionMask = 2147483647;
			files = (
				34B4967F28363948008223A1 /* SecondUITestsLaunchTests.swift in Sources */,
				34B4967D28363948008223A1 /* SecondUITests.swift in Sources */,
			);
			runOnlyForDeploymentPostprocessing = 0;
		};
/* End PBXSourcesBuildPhase section */

/* Begin PBXTargetDependency section */
		34B4967028363948008223A1 /* PBXTargetDependency */ = {
			isa = PBXTargetDependency;
			target = 34B4965D28363947008223A1 /* Second */;
			targetProxy = 34B4966F28363948008223A1 /* PBXContainerItemProxy */;
		};
		34B4967A28363948008223A1 /* PBXTargetDependency */ = {
			isa = PBXTargetDependency;
			target = 34B4965D28363947008223A1 /* Second */;
			targetProxy = 34B4967928363948008223A1 /* PBXContainerItemProxy */;
		};
/* End PBXTargetDependency section */

/* Begin XCBuildConfiguration section */
		34B4968028363948008223A1 /* Debug */ = {
			isa = XCBuildConfiguration;
			buildSettings = {
				ALWAYS_SEARCH_USER_PATHS = NO;
				CLANG_ANALYZER_NONNULL = YES;
				CLANG_ANALYZER_NUMBER_OBJECT_CONVERSION = YES_AGGRESSIVE;
				CLANG_CXX_LANGUAGE_STANDARD = "gnu++17";
				CLANG_ENABLE_MODULES = YES;
				CLANG_ENABLE_OBJC_ARC = YES;
				CLANG_ENABLE_OBJC_WEAK = YES;
				CLANG_WARN_BLOCK_CAPTURE_AUTORELEASING = YES;
				CLANG_WARN_BOOL_CONVERSION = YES;
				CLANG_WARN_COMMA = YES;
				CLANG_WARN_CONSTANT_CONVERSION = YES;
				CLANG_WARN_DEPRECATED_OBJC_IMPLEMENTATIONS = YES;
				CLANG_WARN_DIRECT_OBJC_ISA_USAGE = YES_ERROR;
				CLANG_WARN_DOCUMENTATION_COMMENTS = YES;
				CLANG_WARN_EMPTY_BODY = YES;
				CLANG_WARN_ENUM_CONVERSION = YES;
				CLANG_WARN_INFINITE_RECURSION = YES;
				CLANG_WARN_INT_CONVERSION = YES;
				CLANG_WARN_NON_LITERAL_NULL_CONVERSION = YES;
				CLANG_WARN_OBJC_IMPLICIT_RETAIN_SELF = YES;
				CLANG_WARN_OBJC_LITERAL_CONVERSION = YES;
				CLANG_WARN_OBJC_ROOT_CLASS = YES_ERROR;
				CLANG_WARN_QUOTED_INCLUDE_IN_FRAMEWORK_HEADER = YES;
				CLANG_WARN_RANGE_LOOP_ANALYSIS = YES;
				CLANG_WARN_STRICT_PROTOTYPES = YES;
				CLANG_WARN_SUSPICIOUS_MOVE = YES;
				CLANG_WARN_UNGUARDED_AVAILABILITY = YES_AGGRESSIVE;
				CLANG_WARN_UNREACHABLE_CODE = YES;
				CLANG_WARN__DUPLICATE_METHOD_MATCH = YES;
				COPY_PHASE_STRIP = NO;
				DEBUG_INFORMATION_FORMAT = dwarf;
				ENABLE_STRICT_OBJC_MSGSEND = YES;
				ENABLE_TESTABILITY = YES;
				GCC_C_LANGUAGE_STANDARD = gnu11;
				GCC_DYNAMIC_NO_PIC = NO;
				GCC_NO_COMMON_BLOCKS = YES;
				GCC_OPTIMIZATION_LEVEL = 0;
				GCC_PREPROCESSOR_DEFINITIONS = (
					"DEBUG=1",
					"$(inherited)",
				);
				GCC_WARN_64_TO_32_BIT_CONVERSION = YES;
				GCC_WARN_ABOUT_RETURN_TYPE = YES_ERROR;
				GCC_WARN_UNDECLARED_SELECTOR = YES;
				GCC_WARN_UNINITIALIZED_AUTOS = YES_AGGRESSIVE;
				GCC_WARN_UNUSED_FUNCTION = YES;
				GCC_WARN_UNUSED_VARIABLE = YES;
				IPHONEOS_DEPLOYMENT_TARGET = 15.4;
				MTL_ENABLE_DEBUG_INFO = INCLUDE_SOURCE;
				MTL_FAST_MATH = YES;
				ONLY_ACTIVE_ARCH = YES;
				SDKROOT = iphoneos;
				SWIFT_ACTIVE_COMPILATION_CONDITIONS = DEBUG;
				SWIFT_OPTIMIZATION_LEVEL = "-Onone";
			};
			name = Debug;
		};
		34B4968128363948008223A1 /* Release */ = {
			isa = XCBuildConfiguration;
			buildSettings = {
				ALWAYS_SEARCH_USER_PATHS = NO;
				CLANG_ANALYZER_NONNULL = YES;
				CLANG_ANALYZER_NUMBER_OBJECT_CONVERSION = YES_AGGRESSIVE;
				CLANG_CXX_LANGUAGE_STANDARD = "gnu++17";
				CLANG_ENABLE_MODULES = YES;
				CLANG_ENABLE_OBJC_ARC = YES;
				CLANG_ENABLE_OBJC_WEAK = YES;
				CLANG_WARN_BLOCK_CAPTURE_AUTORELEASING = YES;
				CLANG_WARN_BOOL_CONVERSION = YES;
				CLANG_WARN_COMMA = YES;
				CLANG_WARN_CONSTANT_CONVERSION = YES;
				CLANG_WARN_DEPRECATED_OBJC_IMPLEMENTATIONS = YES;
				CLANG_WARN_DIRECT_OBJC_ISA_USAGE = YES_ERROR;
				CLANG_WARN_DOCUMENTATION_COMMENTS = YES;
				CLANG_WARN_EMPTY_BODY = YES;
				CLANG_WARN_ENUM_CONVERSION = YES;
				CLANG_WARN_INFINITE_RECURSION = YES;
				CLANG_WARN_INT_CONVERSION = YES;
				CLANG_WARN_NON_LITERAL_NULL_CONVERSION = YES;
				CLANG_WARN_OBJC_IMPLICIT_RETAIN_SELF = YES;
				CLANG_WARN_OBJC_LITERAL_CONVERSION = YES;
				CLANG_WARN_OBJC_ROOT_CLASS = YES_ERROR;
				CLANG_WARN_QUOTED_INCLUDE_IN_FRAMEWORK_HEADER = YES;
				CLANG_WARN_RANGE_LOOP_ANALYSIS = YES;
				CLANG_WARN_STRICT_PROTOTYPES = YES;
				CLANG_WARN_SUSPICIOUS_MOVE = YES;
				CLANG_WARN_UNGUARDED_AVAILABILITY = YES_AGGRESSIVE;
				CLANG_WARN_UNREACHABLE_CODE = YES;
				CLANG_WARN__DUPLICATE_METHOD_MATCH = YES;
				COPY_PHASE_STRIP = NO;
				DEBUG_INFORMATION_FORMAT = "dwarf-with-dsym";
				ENABLE_NS_ASSERTIONS = NO;
				ENABLE_STRICT_OBJC_MSGSEND = YES;
				GCC_C_LANGUAGE_STANDARD = gnu11;
				GCC_NO_COMMON_BLOCKS = YES;
				GCC_WARN_64_TO_32_BIT_CONVERSION = YES;
				GCC_WARN_ABOUT_RETURN_TYPE = YES_ERROR;
				GCC_WARN_UNDECLARED_SELECTOR = YES;
				GCC_WARN_UNINITIALIZED_AUTOS = YES_AGGRESSIVE;
				GCC_WARN_UNUSED_FUNCTION = YES;
				GCC_WARN_UNUSED_VARIABLE = YES;
				IPHONEOS_DEPLOYMENT_TARGET = 15.4;
				MTL_ENABLE_DEBUG_INFO = NO;
				MTL_FAST_MATH = YES;
				SDKROOT = iphoneos;
				SWIFT_COMPILATION_MODE = wholemodule;
				SWIFT_OPTIMIZATION_LEVEL = "-O";
				VALIDATE_PRODUCT = YES;
			};
			name = Release;
		};
		34B4968328363948008223A1 /* Debug */ = {
			isa = XCBuildConfiguration;
			buildSettings = {
				ASSETCATALOG_COMPILER_APPICON_NAME = AppIcon;
				ASSETCATALOG_COMPILER_GLOBAL_ACCENT_COLOR_NAME = AccentColor;
				CODE_SIGN_STYLE = Automatic;
				CURRENT_PROJECT_VERSION = 1;
				DEVELOPMENT_ASSET_PATHS = "\"Second/Preview Content\"";
				ENABLE_PREVIEWS = YES;
				GENERATE_INFOPLIST_FILE = YES;
				INFOPLIST_KEY_UIApplicationSceneManifest_Generation = YES;
				INFOPLIST_KEY_UIApplicationSupportsIndirectInputEvents = YES;
				INFOPLIST_KEY_UILaunchScreen_Generation = YES;
				INFOPLIST_KEY_UISupportedInterfaceOrientations_iPad = "UIInterfaceOrientationPortrait UIInterfaceOrientationPortraitUpsideDown UIInterfaceOrientationLandscapeLeft UIInterfaceOrientationLandscapeRight";
				INFOPLIST_KEY_UISupportedInterfaceOrientations_iPhone = "UIInterfaceOrientationPortrait UIInterfaceOrientationLandscapeLeft UIInterfaceOrientationLandscapeRight";
				LD_RUNPATH_SEARCH_PATHS = (
					"$(inherited)",
					"@executable_path/Frameworks",
				);
				MARKETING_VERSION = 1.0;
				PRODUCT_BUNDLE_IDENTIFIER = com.trungluu9798.Second;
				PRODUCT_NAME = "$(TARGET_NAME)";
				SWIFT_EMIT_LOC_STRINGS = YES;
				SWIFT_VERSION = 5.0;
				TARGETED_DEVICE_FAMILY = "1,2";
			};
			name = Debug;
		};
		34B4968428363948008223A1 /* Release */ = {
			isa = XCBuildConfiguration;
			buildSettings = {
				ASSETCATALOG_COMPILER_APPICON_NAME = AppIcon;
				ASSETCATALOG_COMPILER_GLOBAL_ACCENT_COLOR_NAME = AccentColor;
				CODE_SIGN_STYLE = Automatic;
				CURRENT_PROJECT_VERSION = 1;
				DEVELOPMENT_ASSET_PATHS = "\"Second/Preview Content\"";
				ENABLE_PREVIEWS = YES;
				GENERATE_INFOPLIST_FILE = YES;
				INFOPLIST_KEY_UIApplicationSceneManifest_Generation = YES;
				INFOPLIST_KEY_UIApplicationSupportsIndirectInputEvents = YES;
				INFOPLIST_KEY_UILaunchScreen_Generation = YES;
				INFOPLIST_KEY_UISupportedInterfaceOrientations_iPad = "UIInterfaceOrientationPortrait UIInterfaceOrientationPortraitUpsideDown UIInterfaceOrientationLandscapeLeft UIInterfaceOrientationLandscapeRight";
				INFOPLIST_KEY_UISupportedInterfaceOrientations_iPhone = "UIInterfaceOrientationPortrait UIInterfaceOrientationLandscapeLeft UIInterfaceOrientationLandscapeRight";
				LD_RUNPATH_SEARCH_PATHS = (
					"$(inherited)",
					"@executable_path/Frameworks",
				);
				MARKETING_VERSION = 1.0;
				PRODUCT_BUNDLE_IDENTIFIER = com.trungluu9798.Second;
				PRODUCT_NAME = "$(TARGET_NAME)";
				SWIFT_EMIT_LOC_STRINGS = YES;
				SWIFT_VERSION = 5.0;
				TARGETED_DEVICE_FAMILY = "1,2";
			};
			name = Release;
		};
		34B4968628363948008223A1 /* Debug */ = {
			isa = XCBuildConfiguration;
			buildSettings = {
				ALWAYS_EMBED_SWIFT_STANDARD_LIBRARIES = YES;
				BUNDLE_LOADER = "$(TEST_HOST)";
				CODE_SIGN_STYLE = Automatic;
				CURRENT_PROJECT_VERSION = 1;
				GENERATE_INFOPLIST_FILE = YES;
				IPHONEOS_DEPLOYMENT_TARGET = 15.4;
				MARKETING_VERSION = 1.0;
				PRODUCT_BUNDLE_IDENTIFIER = com.trungluu9798.SecondTests;
				PRODUCT_NAME = "$(TARGET_NAME)";
				SWIFT_EMIT_LOC_STRINGS = NO;
				SWIFT_VERSION = 5.0;
				TARGETED_DEVICE_FAMILY = "1,2";
				TEST_HOST = "$(BUILT_PRODUCTS_DIR)/Second.app/Second";
			};
			name = Debug;
		};
		34B4968728363948008223A1 /* Release */ = {
			isa = XCBuildConfiguration;
			buildSettings = {
				ALWAYS_EMBED_SWIFT_STANDARD_LIBRARIES = YES;
				BUNDLE_LOADER = "$(TEST_HOST)";
				CODE_SIGN_STYLE = Automatic;
				CURRENT_PROJECT_VERSION = 1;
				GENERATE_INFOPLIST_FILE = YES;
				IPHONEOS_DEPLOYMENT_TARGET = 15.4;
				MARKETING_VERSION = 1.0;
				PRODUCT_BUNDLE_IDENTIFIER = com.trungluu9798.SecondTests;
				PRODUCT_NAME = "$(TARGET_NAME)";
				SWIFT_EMIT_LOC_STRINGS = NO;
				SWIFT_VERSION = 5.0;
				TARGETED_DEVICE_FAMILY = "1,2";
				TEST_HOST = "$(BUILT_PRODUCTS_DIR)/Second.app/Second";
			};
			name = Release;
		};
		34B4968928363948008223A1 /* Debug */ = {
			isa = XCBuildConfiguration;
			buildSettings = {
				ALWAYS_EMBED_SWIFT_STANDARD_LIBRARIES = YES;
				CODE_SIGN_STYLE = Automatic;
				CURRENT_PROJECT_VERSION = 1;
				GENERATE_INFOPLIST_FILE = YES;
				MARKETING_VERSION = 1.0;
				PRODUCT_BUNDLE_IDENTIFIER = com.trungluu9798.SecondUITests;
				PRODUCT_NAME = "$(TARGET_NAME)";
				SWIFT_EMIT_LOC_STRINGS = NO;
				SWIFT_VERSION = 5.0;
				TARGETED_DEVICE_FAMILY = "1,2";
				TEST_TARGET_NAME = Second;
			};
			name = Debug;
		};
		34B4968A28363948008223A1 /* Release */ = {
			isa = XCBuildConfiguration;
			buildSettings = {
				ALWAYS_EMBED_SWIFT_STANDARD_LIBRARIES = YES;
				CODE_SIGN_STYLE = Automatic;
				CURRENT_PROJECT_VERSION = 1;
				GENERATE_INFOPLIST_FILE = YES;
				MARKETING_VERSION = 1.0;
				PRODUCT_BUNDLE_IDENTIFIER = com.trungluu9798.SecondUITests;
				PRODUCT_NAME = "$(TARGET_NAME)";
				SWIFT_EMIT_LOC_STRINGS = NO;
				SWIFT_VERSION = 5.0;
				TARGETED_DEVICE_FAMILY = "1,2";
				TEST_TARGET_NAME = Second;
			};
			name = Release;
		};
/* End XCBuildConfiguration section */

/* Begin XCConfigurationList section */
		34B4965928363947008223A1 /* Build configuration list for PBXProject "Second" */ = {
			isa = XCConfigurationList;
			buildConfigurations = (
				34B4968028363948008223A1 /* Debug */,
				34B4968128363948008223A1 /* Release */,
			);
			defaultConfigurationIsVisible = 0;
			defaultConfigurationName = Release;
		};
		34B4968228363948008223A1 /* Build configuration list for PBXNativeTarget "Second" */ = {
			isa = XCConfigurationList;
			buildConfigurations = (
				34B4968328363948008223A1 /* Debug */,
				34B4968428363948008223A1 /* Release */,
			);
			defaultConfigurationIsVisible = 0;
			defaultConfigurationName = Release;
		};
		34B4968528363948008223A1 /* Build configuration list for PBXNativeTarget "SecondTests" */ = {
			isa = XCConfigurationList;
			buildConfigurations = (
				34B4968628363948008223A1 /* Debug */,
				34B4968728363948008223A1 /* Release */,
			);
			defaultConfigurationIsVisible = 0;
			defaultConfigurationName = Release;
		};
		34B4968828363948008223A1 /* Build configuration list for PBXNativeTarget "SecondUITests" */ = {
			isa = XCConfigurationList;
			buildConfigurations = (
				34B4968928363948008223A1 /* Debug */,
				34B4968A28363948008223A1 /* Release */,
			);
			defaultConfigurationIsVisible = 0;
			defaultConfigurationName = Release;
		};
/* End XCConfigurationList section */
	};
	rootObject = 34B4965628363947008223A1 /* Project object */;
}
